
Microsoft Visual Studio Solution File, Format Version 12.00
# Visual Studio Version 17
VisualStudioVersion = 17.0.31912.275
MinimumVisualStudioVersion = 10.0.40219.1
Project("{2150E333-8FDC-42A3-9474-1A3956D46DE8}") = "Services", "Services", "{7622C380-7922-4A29-916A-102D719045C5}"
EndProject
Project("{2150E333-8FDC-42A3-9474-1A3956D46DE8}") = "Cadastros", "Cadastros", "{2B15246E-6795-49E0-A74B-F789E9408361}"
EndProject
Project("{2150E333-8FDC-42A3-9474-1A3956D46DE8}") = "Catalogo", "Catalogo", "{BCD0D97A-65E9-4DA8-87B0-E3C3D3D5A109}"
EndProject
Project("{2150E333-8FDC-42A3-9474-1A3956D46DE8}") = "Core", "Core", "{5F7DE0B3-4AF1-4278-B789-7CA92957218D}"
EndProject
Project("{2150E333-8FDC-42A3-9474-1A3956D46DE8}") = "Fiscal", "Fiscal", "{C6CA69EA-6C3E-4CB5-B40F-E8E7866E2182}"
EndProject
Project("{2150E333-8FDC-42A3-9474-1A3956D46DE8}") = "Pagamentos", "Pagamentos", "{BB0204D0-59C1-4566-9FA5-295F9F2DDEF5}"
EndProject
Project("{2150E333-8FDC-42A3-9474-1A3956D46DE8}") = "Vendas", "Vendas", "{F9281E6B-A117-4680-9209-11A54F45ACFC}"
EndProject
Project("{9A19103F-16F7-4668-BE54-9A1E7A4F7556}") = "HBMStore.Catalogo.Domain", "src\HBMStore.Catalogo.Domain\HBMStore.Catalogo.Domain.csproj", "{FCE4F62A-739C-49F2-AECC-B98C435F0D7D}"
EndProject
Project("{2150E333-8FDC-42A3-9474-1A3956D46DE8}") = "tests", "tests", "{3787BEFB-B305-41BB-B3E2-D435208C1E27}"
EndProject
Project("{9A19103F-16F7-4668-BE54-9A1E7A4F7556}") = "HBMStore.Catalogo.Domain.Tests", "tests\HBMStore.Catalogo.Domain.Tests\HBMStore.Catalogo.Domain.Tests.csproj", "{5F5C772D-28F9-426B-8453-627A94E6DD99}"
EndProject
Project("{9A19103F-16F7-4668-BE54-9A1E7A4F7556}") = "HBMStore.Catalogo.Data", "src\HBMStore.Catalogo.Data\HBMStore.Catalogo.Data.csproj", "{19DE401F-B5B4-4B6B-BFAF-2EA1D2C3CAC6}"
EndProject
Project("{9A19103F-16F7-4668-BE54-9A1E7A4F7556}") = "HBMStore.Core", "src\HBMStore.Core\HBMStore.Core.csproj", "{8577093F-C7E6-456C-811B-8F5696AE801A}"
EndProject
Project("{9A19103F-16F7-4668-BE54-9A1E7A4F7556}") = "HBMStore.Catalogo.Application", "src\HBMStore.Catalogo.Application\HBMStore.Catalogo.Application.csproj", "{E7ECF9DD-E8A4-4711-B658-343B8C8AB0CC}"
EndProject
Project("{2150E333-8FDC-42A3-9474-1A3956D46DE8}") = "WebApps", "WebApps", "{DBD913F3-00A2-4A02-A747-52B3EE0E17FA}"
EndProject
Project("{9A19103F-16F7-4668-BE54-9A1E7A4F7556}") = "HBMStore.WebApps.MVC", "src\HBMStore.WebApps.MVC\HBMStore.WebApps.MVC.csproj", "{5988F60E-36F5-4092-948C-B71C6315E79A}"
EndProject
Project("{FAE04EC0-301F-11D3-BF4B-00C04F79EFBC}") = "HBMStore.Vendas.Domain", "src\HBMStore.Vendas.Domain\HBMStore.Vendas.Domain.csproj", "{851394A8-4D28-4D54-979D-593AA1CE0D14}"
EndProject
Project("{FAE04EC0-301F-11D3-BF4B-00C04F79EFBC}") = "HBMStore.Vendas.Application", "src\HBMStore.Vendas.Application\HBMStore.Vendas.Application.csproj", "{B2A20247-D948-412D-8663-E4C3BEDBD9EE}"
EndProject
Project("{FAE04EC0-301F-11D3-BF4B-00C04F79EFBC}") = "HBMStore.Vendas.Data", "src\HBMStore.Vendas.Data\HBMStore.Vendas.Data.csproj", "{22A36708-0BB0-4901-A57E-7F3B6ACD7056}"
EndProject
Global
	GlobalSection(SolutionConfigurationPlatforms) = preSolution
		Debug|Any CPU = Debug|Any CPU
		Release|Any CPU = Release|Any CPU
	EndGlobalSection
	GlobalSection(ProjectConfigurationPlatforms) = postSolution
		{FCE4F62A-739C-49F2-AECC-B98C435F0D7D}.Debug|Any CPU.ActiveCfg = Debug|Any CPU
		{FCE4F62A-739C-49F2-AECC-B98C435F0D7D}.Debug|Any CPU.Build.0 = Debug|Any CPU
		{FCE4F62A-739C-49F2-AECC-B98C435F0D7D}.Release|Any CPU.ActiveCfg = Release|Any CPU
		{FCE4F62A-739C-49F2-AECC-B98C435F0D7D}.Release|Any CPU.Build.0 = Release|Any CPU
		{5F5C772D-28F9-426B-8453-627A94E6DD99}.Debug|Any CPU.ActiveCfg = Debug|Any CPU
		{5F5C772D-28F9-426B-8453-627A94E6DD99}.Debug|Any CPU.Build.0 = Debug|Any CPU
		{5F5C772D-28F9-426B-8453-627A94E6DD99}.Release|Any CPU.ActiveCfg = Release|Any CPU
		{5F5C772D-28F9-426B-8453-627A94E6DD99}.Release|Any CPU.Build.0 = Release|Any CPU
		{19DE401F-B5B4-4B6B-BFAF-2EA1D2C3CAC6}.Debug|Any CPU.ActiveCfg = Debug|Any CPU
		{19DE401F-B5B4-4B6B-BFAF-2EA1D2C3CAC6}.Debug|Any CPU.Build.0 = Debug|Any CPU
		{19DE401F-B5B4-4B6B-BFAF-2EA1D2C3CAC6}.Release|Any CPU.ActiveCfg = Release|Any CPU
		{19DE401F-B5B4-4B6B-BFAF-2EA1D2C3CAC6}.Release|Any CPU.Build.0 = Release|Any CPU
		{8577093F-C7E6-456C-811B-8F5696AE801A}.Debug|Any CPU.ActiveCfg = Debug|Any CPU
		{8577093F-C7E6-456C-811B-8F5696AE801A}.Debug|Any CPU.Build.0 = Debug|Any CPU
		{8577093F-C7E6-456C-811B-8F5696AE801A}.Release|Any CPU.ActiveCfg = Release|Any CPU
		{8577093F-C7E6-456C-811B-8F5696AE801A}.Release|Any CPU.Build.0 = Release|Any CPU
		{E7ECF9DD-E8A4-4711-B658-343B8C8AB0CC}.Debug|Any CPU.ActiveCfg = Debug|Any CPU
		{E7ECF9DD-E8A4-4711-B658-343B8C8AB0CC}.Debug|Any CPU.Build.0 = Debug|Any CPU
		{E7ECF9DD-E8A4-4711-B658-343B8C8AB0CC}.Release|Any CPU.ActiveCfg = Release|Any CPU
		{E7ECF9DD-E8A4-4711-B658-343B8C8AB0CC}.Release|Any CPU.Build.0 = Release|Any CPU
		{5988F60E-36F5-4092-948C-B71C6315E79A}.Debug|Any CPU.ActiveCfg = Debug|Any CPU
		{5988F60E-36F5-4092-948C-B71C6315E79A}.Debug|Any CPU.Build.0 = Debug|Any CPU
		{5988F60E-36F5-4092-948C-B71C6315E79A}.Release|Any CPU.ActiveCfg = Release|Any CPU
		{5988F60E-36F5-4092-948C-B71C6315E79A}.Release|Any CPU.Build.0 = Release|Any CPU
		{851394A8-4D28-4D54-979D-593AA1CE0D14}.Debug|Any CPU.ActiveCfg = Debug|Any CPU
		{851394A8-4D28-4D54-979D-593AA1CE0D14}.Debug|Any CPU.Build.0 = Debug|Any CPU
		{851394A8-4D28-4D54-979D-593AA1CE0D14}.Release|Any CPU.ActiveCfg = Release|Any CPU
		{851394A8-4D28-4D54-979D-593AA1CE0D14}.Release|Any CPU.Build.0 = Release|Any CPU
		{B2A20247-D948-412D-8663-E4C3BEDBD9EE}.Debug|Any CPU.ActiveCfg = Debug|Any CPU
		{B2A20247-D948-412D-8663-E4C3BEDBD9EE}.Debug|Any CPU.Build.0 = Debug|Any CPU
		{B2A20247-D948-412D-8663-E4C3BEDBD9EE}.Release|Any CPU.ActiveCfg = Release|Any CPU
		{B2A20247-D948-412D-8663-E4C3BEDBD9EE}.Release|Any CPU.Build.0 = Release|Any CPU
		{22A36708-0BB0-4901-A57E-7F3B6ACD7056}.Debug|Any CPU.ActiveCfg = Debug|Any CPU
		{22A36708-0BB0-4901-A57E-7F3B6ACD7056}.Debug|Any CPU.Build.0 = Debug|Any CPU
		{22A36708-0BB0-4901-A57E-7F3B6ACD7056}.Release|Any CPU.ActiveCfg = Release|Any CPU
		{22A36708-0BB0-4901-A57E-7F3B6ACD7056}.Release|Any CPU.Build.0 = Release|Any CPU
	EndGlobalSection
	GlobalSection(SolutionProperties) = preSolution
		HideSolutionNode = FALSE
	EndGlobalSection
	GlobalSection(NestedProjects) = preSolution
		{2B15246E-6795-49E0-A74B-F789E9408361} = {7622C380-7922-4A29-916A-102D719045C5}
		{BCD0D97A-65E9-4DA8-87B0-E3C3D3D5A109} = {7622C380-7922-4A29-916A-102D719045C5}
		{5F7DE0B3-4AF1-4278-B789-7CA92957218D} = {7622C380-7922-4A29-916A-102D719045C5}
		{C6CA69EA-6C3E-4CB5-B40F-E8E7866E2182} = {7622C380-7922-4A29-916A-102D719045C5}
		{BB0204D0-59C1-4566-9FA5-295F9F2DDEF5} = {7622C380-7922-4A29-916A-102D719045C5}
		{F9281E6B-A117-4680-9209-11A54F45ACFC} = {7622C380-7922-4A29-916A-102D719045C5}
		{FCE4F62A-739C-49F2-AECC-B98C435F0D7D} = {BCD0D97A-65E9-4DA8-87B0-E3C3D3D5A109}
		{3787BEFB-B305-41BB-B3E2-D435208C1E27} = {BCD0D97A-65E9-4DA8-87B0-E3C3D3D5A109}
		{5F5C772D-28F9-426B-8453-627A94E6DD99} = {3787BEFB-B305-41BB-B3E2-D435208C1E27}
		{19DE401F-B5B4-4B6B-BFAF-2EA1D2C3CAC6} = {BCD0D97A-65E9-4DA8-87B0-E3C3D3D5A109}
		{8577093F-C7E6-456C-811B-8F5696AE801A} = {5F7DE0B3-4AF1-4278-B789-7CA92957218D}
		{E7ECF9DD-E8A4-4711-B658-343B8C8AB0CC} = {BCD0D97A-65E9-4DA8-87B0-E3C3D3D5A109}
		{5988F60E-36F5-4092-948C-B71C6315E79A} = {DBD913F3-00A2-4A02-A747-52B3EE0E17FA}
		{851394A8-4D28-4D54-979D-593AA1CE0D14} = {F9281E6B-A117-4680-9209-11A54F45ACFC}
		{B2A20247-D948-412D-8663-E4C3BEDBD9EE} = {F9281E6B-A117-4680-9209-11A54F45ACFC}
		{22A36708-0BB0-4901-A57E-7F3B6ACD7056} = {F9281E6B-A117-4680-9209-11A54F45ACFC}
	EndGlobalSection
	GlobalSection(ExtensibilityGlobals) = postSolution
		SolutionGuid = {9808B445-4EA3-40F1-B0F0-CE274B5259AC}
	EndGlobalSection
EndGlobal
