
Microsoft Visual Studio Solution File, Format Version 12.00
# Visual Studio Version 17
VisualStudioVersion = 17.0.31912.275
MinimumVisualStudioVersion = 10.0.40219.1
Project("{2150E333-8FDC-42A3-9474-1A3956D46DE8}") = "Services", "Services", "{7622C380-7922-4A29-916A-102D719045C5}"
EndProject
Project("{2150E333-8FDC-42A3-9474-1A3956D46DE8}") = "webApps", "webApps", "{C1324D10-0883-481C-8F94-7C3D40685499}"
EndProject
Project("{2150E333-8FDC-42A3-9474-1A3956D46DE8}") = "Cadastros", "Cadastros", "{2B15246E-6795-49E0-A74B-F789E9408361}"
EndProject
Project("{2150E333-8FDC-42A3-9474-1A3956D46DE8}") = "Catalogo", "Catalogo", "{BCD0D97A-65E9-4DA8-87B0-E3C3D3D5A109}"
EndProject
Project("{2150E333-8FDC-42A3-9474-1A3956D46DE8}") = "Core", "Core", "{5F7DE0B3-4AF1-4278-B789-7CA92957218D}"
EndProject
Project("{2150E333-8FDC-42A3-9474-1A3956D46DE8}") = "Fiscal", "Fiscal", "{C6CA69EA-6C3E-4CB5-B40F-E8E7866E2182}"
EndProject
Project("{2150E333-8FDC-42A3-9474-1A3956D46DE8}") = "Pagamentos", "Pagamentos", "{BB0204D0-59C1-4566-9FA5-295F9F2DDEF5}"
EndProject
Project("{2150E333-8FDC-42A3-9474-1A3956D46DE8}") = "Vendas", "Vendas", "{F9281E6B-A117-4680-9209-11A54F45ACFC}"
EndProject
Project("{FAE04EC0-301F-11D3-BF4B-00C04F79EFBC}") = "HBMStore.Catalogo.Domain", "src\HBMStore.Catalogo.Domain\HBMStore.Catalogo.Domain.csproj", "{FCE4F62A-739C-49F2-AECC-B98C435F0D7D}"
EndProject
Project("{FAE04EC0-301F-11D3-BF4B-00C04F79EFBC}") = "HBMStore.Domain", "src\HBMStore.Domain\HBMStore.Domain.csproj", "{09A47D60-8469-47E8-9E1B-B8686BDCC298}"
EndProject
Project("{2150E333-8FDC-42A3-9474-1A3956D46DE8}") = "tests", "tests", "{3787BEFB-B305-41BB-B3E2-D435208C1E27}"
EndProject
Project("{FAE04EC0-301F-11D3-BF4B-00C04F79EFBC}") = "HBMStore.Catalogo.Domain.Tests", "tests\HBMStore.Catalogo.Domain.Tests\HBMStore.Catalogo.Domain.Tests.csproj", "{5F5C772D-28F9-426B-8453-627A94E6DD99}"
EndProject
Global
	GlobalSection(SolutionConfigurationPlatforms) = preSolution
		Debug|Any CPU = Debug|Any CPU
		Release|Any CPU = Release|Any CPU
	EndGlobalSection
	GlobalSection(ProjectConfigurationPlatforms) = postSolution
		{FCE4F62A-739C-49F2-AECC-B98C435F0D7D}.Debug|Any CPU.ActiveCfg = Debug|Any CPU
		{FCE4F62A-739C-49F2-AECC-B98C435F0D7D}.Debug|Any CPU.Build.0 = Debug|Any CPU
		{FCE4F62A-739C-49F2-AECC-B98C435F0D7D}.Release|Any CPU.ActiveCfg = Release|Any CPU
		{FCE4F62A-739C-49F2-AECC-B98C435F0D7D}.Release|Any CPU.Build.0 = Release|Any CPU
		{09A47D60-8469-47E8-9E1B-B8686BDCC298}.Debug|Any CPU.ActiveCfg = Debug|Any CPU
		{09A47D60-8469-47E8-9E1B-B8686BDCC298}.Debug|Any CPU.Build.0 = Debug|Any CPU
		{09A47D60-8469-47E8-9E1B-B8686BDCC298}.Release|Any CPU.ActiveCfg = Release|Any CPU
		{09A47D60-8469-47E8-9E1B-B8686BDCC298}.Release|Any CPU.Build.0 = Release|Any CPU
		{5F5C772D-28F9-426B-8453-627A94E6DD99}.Debug|Any CPU.ActiveCfg = Debug|Any CPU
		{5F5C772D-28F9-426B-8453-627A94E6DD99}.Debug|Any CPU.Build.0 = Debug|Any CPU
		{5F5C772D-28F9-426B-8453-627A94E6DD99}.Release|Any CPU.ActiveCfg = Release|Any CPU
		{5F5C772D-28F9-426B-8453-627A94E6DD99}.Release|Any CPU.Build.0 = Release|Any CPU
	EndGlobalSection
	GlobalSection(SolutionProperties) = preSolution
		HideSolutionNode = FALSE
	EndGlobalSection
	GlobalSection(NestedProjects) = preSolution
		{2B15246E-6795-49E0-A74B-F789E9408361} = {7622C380-7922-4A29-916A-102D719045C5}
		{BCD0D97A-65E9-4DA8-87B0-E3C3D3D5A109} = {7622C380-7922-4A29-916A-102D719045C5}
		{5F7DE0B3-4AF1-4278-B789-7CA92957218D} = {7622C380-7922-4A29-916A-102D719045C5}
		{C6CA69EA-6C3E-4CB5-B40F-E8E7866E2182} = {7622C380-7922-4A29-916A-102D719045C5}
		{BB0204D0-59C1-4566-9FA5-295F9F2DDEF5} = {7622C380-7922-4A29-916A-102D719045C5}
		{F9281E6B-A117-4680-9209-11A54F45ACFC} = {7622C380-7922-4A29-916A-102D719045C5}
		{FCE4F62A-739C-49F2-AECC-B98C435F0D7D} = {BCD0D97A-65E9-4DA8-87B0-E3C3D3D5A109}
		{09A47D60-8469-47E8-9E1B-B8686BDCC298} = {5F7DE0B3-4AF1-4278-B789-7CA92957218D}
		{3787BEFB-B305-41BB-B3E2-D435208C1E27} = {BCD0D97A-65E9-4DA8-87B0-E3C3D3D5A109}
		{5F5C772D-28F9-426B-8453-627A94E6DD99} = {3787BEFB-B305-41BB-B3E2-D435208C1E27}
	EndGlobalSection
	GlobalSection(ExtensibilityGlobals) = postSolution
		SolutionGuid = {9808B445-4EA3-40F1-B0F0-CE274B5259AC}
	EndGlobalSection
EndGlobal
